# This file is @generated by PDM.
# It is not intended for manual editing.

[metadata]
groups = ["default", "ruff", "dev"]
cross_platform = true
static_urls = false
lock_version = "4.3"
content_hash = "sha256:74ae4f100374e7d4d0cc186cba588a6efda5b2c6c360553bda722ebacda88b72"

[[package]]
name = "black"
version = "23.10.0"
requires_python = ">=3.8"
summary = "The uncompromising code formatter."
dependencies = [
    "click>=8.0.0",
    "mypy-extensions>=0.4.3",
    "packaging>=22.0",
    "pathspec>=0.9.0",
    "platformdirs>=2",
]
files = [
    {file = "black-23.10.0-cp311-cp311-macosx_10_16_arm64.whl", hash = "sha256:30b78ac9b54cf87bcb9910ee3d499d2bc893afd52495066c49d9ee6b21eee06e"},
    {file = "black-23.10.0-cp311-cp311-macosx_10_16_x86_64.whl", hash = "sha256:0e232f24a337fed7a82c1185ae46c56c4a6167fb0fe37411b43e876892c76699"},
    {file = "black-23.10.0-cp311-cp311-manylinux_2_17_x86_64.manylinux2014_x86_64.whl", hash = "sha256:31946ec6f9c54ed7ba431c38bc81d758970dd734b96b8e8c2b17a367d7908171"},
    {file = "black-23.10.0-cp311-cp311-win_amd64.whl", hash = "sha256:c870bee76ad5f7a5ea7bd01dc646028d05568d33b0b09b7ecfc8ec0da3f3f39c"},
    {file = "black-23.10.0-py3-none-any.whl", hash = "sha256:e223b731a0e025f8ef427dd79d8cd69c167da807f5710add30cdf131f13dd62e"},
    {file = "black-23.10.0.tar.gz", hash = "sha256:31b9f87b277a68d0e99d2905edae08807c007973eaa609da5f0c62def6b7c0bd"},
]

[[package]]
name = "click"
version = "8.1.7"
requires_python = ">=3.7"
summary = "Composable command line interface toolkit"
dependencies = [
    "colorama; platform_system == \"Windows\"",
]
files = [
    {file = "click-8.1.7-py3-none-any.whl", hash = "sha256:ae74fb96c20a0277a1d615f1e4d73c8414f5a98db8b799a7931d1582f3390c28"},
    {file = "click-8.1.7.tar.gz", hash = "sha256:ca9853ad459e787e2192211578cc907e7594e294c7ccc834310722b41b9ca6de"},
]

[[package]]
name = "colorama"
version = "0.4.6"
requires_python = "!=3.0.*,!=3.1.*,!=3.2.*,!=3.3.*,!=3.4.*,!=3.5.*,!=3.6.*,>=2.7"
summary = "Cross-platform colored terminal text."
files = [
    {file = "colorama-0.4.6-py2.py3-none-any.whl", hash = "sha256:4f1d9991f5acc0ca119f9d443620b77f9d6b33703e51011c16baf57afb285fc6"},
    {file = "colorama-0.4.6.tar.gz", hash = "sha256:08695f5cb7ed6e0531a20572697297273c47b8cae5a63ffc6d6ed5c201be6e44"},
]

[[package]]
name = "contourpy"
version = "1.1.0"
requires_python = ">=3.8"
summary = "Python library for calculating contours of 2D quadrilateral grids"
dependencies = [
    "numpy>=1.16",
]
files = [
    {file = "contourpy-1.1.0-cp311-cp311-macosx_10_9_x86_64.whl", hash = "sha256:0b7b04ed0961647691cfe5d82115dd072af7ce8846d31a5fac6c142dcce8b882"},
    {file = "contourpy-1.1.0-cp311-cp311-macosx_11_0_arm64.whl", hash = "sha256:27bc79200c742f9746d7dd51a734ee326a292d77e7d94c8af6e08d1e6c15d545"},
    {file = "contourpy-1.1.0-cp311-cp311-manylinux_2_17_aarch64.manylinux2014_aarch64.whl", hash = "sha256:052cc634bf903c604ef1a00a5aa093c54f81a2612faedaa43295809ffdde885e"},
    {file = "contourpy-1.1.0-cp311-cp311-manylinux_2_17_ppc64le.manylinux2014_ppc64le.whl", hash = "sha256:9382a1c0bc46230fb881c36229bfa23d8c303b889b788b939365578d762b5c18"},
    {file = "contourpy-1.1.0-cp311-cp311-manylinux_2_17_s390x.manylinux2014_s390x.whl", hash = "sha256:e5cec36c5090e75a9ac9dbd0ff4a8cf7cecd60f1b6dc23a374c7d980a1cd710e"},
    {file = "contourpy-1.1.0-cp311-cp311-manylinux_2_17_x86_64.manylinux2014_x86_64.whl", hash = "sha256:1f0cbd657e9bde94cd0e33aa7df94fb73c1ab7799378d3b3f902eb8eb2e04a3a"},
    {file = "contourpy-1.1.0-cp311-cp311-musllinux_1_1_x86_64.whl", hash = "sha256:181cbace49874f4358e2929aaf7ba84006acb76694102e88dd15af861996c16e"},
    {file = "contourpy-1.1.0-cp311-cp311-win32.whl", hash = "sha256:edb989d31065b1acef3828a3688f88b2abb799a7db891c9e282df5ec7e46221b"},
    {file = "contourpy-1.1.0-cp311-cp311-win_amd64.whl", hash = "sha256:fb3b7d9e6243bfa1efb93ccfe64ec610d85cfe5aec2c25f97fbbd2e58b531256"},
    {file = "contourpy-1.1.0-pp38-pypy38_pp73-macosx_10_9_x86_64.whl", hash = "sha256:a698c6a7a432789e587168573a864a7ea374c6be8d4f31f9d87c001d5a843493"},
    {file = "contourpy-1.1.0-pp38-pypy38_pp73-manylinux_2_17_x86_64.manylinux2014_x86_64.whl", hash = "sha256:397b0ac8a12880412da3551a8cb5a187d3298a72802b45a3bd1805e204ad8439"},
    {file = "contourpy-1.1.0-pp38-pypy38_pp73-win_amd64.whl", hash = "sha256:a67259c2b493b00e5a4d0f7bfae51fb4b3371395e47d079a4446e9b0f4d70e76"},
    {file = "contourpy-1.1.0-pp39-pypy39_pp73-macosx_10_9_x86_64.whl", hash = "sha256:2b836d22bd2c7bb2700348e4521b25e077255ebb6ab68e351ab5aa91ca27e027"},
    {file = "contourpy-1.1.0-pp39-pypy39_pp73-manylinux_2_17_x86_64.manylinux2014_x86_64.whl", hash = "sha256:084eaa568400cfaf7179b847ac871582199b1b44d5699198e9602ecbbb5f6104"},
    {file = "contourpy-1.1.0-pp39-pypy39_pp73-win_amd64.whl", hash = "sha256:911ff4fd53e26b019f898f32db0d4956c9d227d51338fb3b03ec72ff0084ee5f"},
    {file = "contourpy-1.1.0.tar.gz", hash = "sha256:e53046c3863828d21d531cc3b53786e6580eb1ba02477e8681009b6aa0870b21"},
]

[[package]]
name = "cycler"
version = "0.12.1"
requires_python = ">=3.8"
summary = "Composable style cycles"
files = [
    {file = "cycler-0.12.1-py3-none-any.whl", hash = "sha256:85cef7cff222d8644161529808465972e51340599459b8ac3ccbac5a854e0d30"},
    {file = "cycler-0.12.1.tar.gz", hash = "sha256:88bb128f02ba341da8ef447245a9e138fae777f6a23943da4540077d3601eb1c"},
]

[[package]]
name = "fonttools"
version = "4.43.1"
requires_python = ">=3.8"
summary = "Tools to manipulate font files"
files = [
    {file = "fonttools-4.43.1-cp311-cp311-macosx_10_9_universal2.whl", hash = "sha256:5db46659cfe4e321158de74c6f71617e65dc92e54980086823a207f1c1c0e24b"},
    {file = "fonttools-4.43.1-cp311-cp311-macosx_10_9_x86_64.whl", hash = "sha256:1952c89a45caceedf2ab2506d9a95756e12b235c7182a7a0fff4f5e52227204f"},
    {file = "fonttools-4.43.1-cp311-cp311-manylinux_2_17_aarch64.manylinux2014_aarch64.whl", hash = "sha256:9c36da88422e0270fbc7fd959dc9749d31a958506c1d000e16703c2fce43e3d0"},
    {file = "fonttools-4.43.1-cp311-cp311-manylinux_2_17_x86_64.manylinux2014_x86_64.whl", hash = "sha256:7bbbf8174501285049e64d174e29f9578495e1b3b16c07c31910d55ad57683d8"},
    {file = "fonttools-4.43.1-cp311-cp311-musllinux_1_1_aarch64.whl", hash = "sha256:d4071bd1c183b8d0b368cc9ed3c07a0f6eb1bdfc4941c4c024c49a35429ac7cd"},
    {file = "fonttools-4.43.1-cp311-cp311-musllinux_1_1_x86_64.whl", hash = "sha256:d21099b411e2006d3c3e1f9aaf339e12037dbf7bf9337faf0e93ec915991f43b"},
    {file = "fonttools-4.43.1-cp311-cp311-win32.whl", hash = "sha256:b84a1c00f832feb9d0585ca8432fba104c819e42ff685fcce83537e2e7e91204"},
    {file = "fonttools-4.43.1-cp311-cp311-win_amd64.whl", hash = "sha256:9a2f0aa6ca7c9bc1058a9d0b35483d4216e0c1bbe3962bc62ce112749954c7b8"},
    {file = "fonttools-4.43.1-cp312-cp312-macosx_10_9_universal2.whl", hash = "sha256:4d9740e3783c748521e77d3c397dc0662062c88fd93600a3c2087d3d627cd5e5"},
    {file = "fonttools-4.43.1-cp312-cp312-macosx_10_9_x86_64.whl", hash = "sha256:884ef38a5a2fd47b0c1291647b15f4e88b9de5338ffa24ee52c77d52b4dfd09c"},
    {file = "fonttools-4.43.1-cp312-cp312-manylinux_2_17_aarch64.manylinux2014_aarch64.whl", hash = "sha256:9648518ef687ba818db3fcc5d9aae27a369253ac09a81ed25c3867e8657a0680"},
    {file = "fonttools-4.43.1-cp312-cp312-manylinux_2_5_x86_64.manylinux1_x86_64.manylinux_2_17_x86_64.manylinux2014_x86_64.whl", hash = "sha256:95e974d70238fc2be5f444fa91f6347191d0e914d5d8ae002c9aa189572cc215"},
    {file = "fonttools-4.43.1-cp312-cp312-musllinux_1_1_aarch64.whl", hash = "sha256:34f713dad41aa21c637b4e04fe507c36b986a40f7179dcc86402237e2d39dcd3"},
    {file = "fonttools-4.43.1-cp312-cp312-musllinux_1_1_x86_64.whl", hash = "sha256:360201d46165fc0753229afe785900bc9596ee6974833124f4e5e9f98d0f592b"},
    {file = "fonttools-4.43.1-cp312-cp312-win32.whl", hash = "sha256:bb6d2f8ef81ea076877d76acfb6f9534a9c5f31dc94ba70ad001267ac3a8e56f"},
    {file = "fonttools-4.43.1-cp312-cp312-win_amd64.whl", hash = "sha256:25d3da8a01442cbc1106490eddb6d31d7dffb38c1edbfabbcc8db371b3386d72"},
    {file = "fonttools-4.43.1-py3-none-any.whl", hash = "sha256:4f88cae635bfe4bbbdc29d479a297bb525a94889184bb69fa9560c2d4834ddb9"},
    {file = "fonttools-4.43.1.tar.gz", hash = "sha256:17dbc2eeafb38d5d0e865dcce16e313c58265a6d2d20081c435f84dc5a9d8212"},
]

[[package]]
name = "kiwisolver"
version = "1.4.5"
requires_python = ">=3.7"
summary = "A fast implementation of the Cassowary constraint solver"
files = [
    {file = "kiwisolver-1.4.5-cp311-cp311-macosx_10_9_universal2.whl", hash = "sha256:11863aa14a51fd6ec28688d76f1735f8f69ab1fabf388851a595d0721af042f5"},
    {file = "kiwisolver-1.4.5-cp311-cp311-macosx_10_9_x86_64.whl", hash = "sha256:8ab3919a9997ab7ef2fbbed0cc99bb28d3c13e6d4b1ad36e97e482558a91be90"},
    {file = "kiwisolver-1.4.5-cp311-cp311-macosx_11_0_arm64.whl", hash = "sha256:fcc700eadbbccbf6bc1bcb9dbe0786b4b1cb91ca0dcda336eef5c2beed37b797"},
    {file = "kiwisolver-1.4.5-cp311-cp311-manylinux_2_12_i686.manylinux2010_i686.manylinux_2_17_i686.manylinux2014_i686.whl", hash = "sha256:dfdd7c0b105af050eb3d64997809dc21da247cf44e63dc73ff0fd20b96be55a9"},
    {file = "kiwisolver-1.4.5-cp311-cp311-manylinux_2_17_aarch64.manylinux2014_aarch64.whl", hash = "sha256:76c6a5964640638cdeaa0c359382e5703e9293030fe730018ca06bc2010c4437"},
    {file = "kiwisolver-1.4.5-cp311-cp311-manylinux_2_17_ppc64le.manylinux2014_ppc64le.whl", hash = "sha256:bbea0db94288e29afcc4c28afbf3a7ccaf2d7e027489c449cf7e8f83c6346eb9"},
    {file = "kiwisolver-1.4.5-cp311-cp311-manylinux_2_17_s390x.manylinux2014_s390x.whl", hash = "sha256:ceec1a6bc6cab1d6ff5d06592a91a692f90ec7505d6463a88a52cc0eb58545da"},
    {file = "kiwisolver-1.4.5-cp311-cp311-manylinux_2_17_x86_64.manylinux2014_x86_64.whl", hash = "sha256:040c1aebeda72197ef477a906782b5ab0d387642e93bda547336b8957c61022e"},
    {file = "kiwisolver-1.4.5-cp311-cp311-musllinux_1_1_aarch64.whl", hash = "sha256:f91de7223d4c7b793867797bacd1ee53bfe7359bd70d27b7b58a04efbb9436c8"},
    {file = "kiwisolver-1.4.5-cp311-cp311-musllinux_1_1_i686.whl", hash = "sha256:faae4860798c31530dd184046a900e652c95513796ef51a12bc086710c2eec4d"},
    {file = "kiwisolver-1.4.5-cp311-cp311-musllinux_1_1_ppc64le.whl", hash = "sha256:b0157420efcb803e71d1b28e2c287518b8808b7cf1ab8af36718fd0a2c453eb0"},
    {file = "kiwisolver-1.4.5-cp311-cp311-musllinux_1_1_s390x.whl", hash = "sha256:06f54715b7737c2fecdbf140d1afb11a33d59508a47bf11bb38ecf21dc9ab79f"},
    {file = "kiwisolver-1.4.5-cp311-cp311-musllinux_1_1_x86_64.whl", hash = "sha256:fdb7adb641a0d13bdcd4ef48e062363d8a9ad4a182ac7647ec88f695e719ae9f"},
    {file = "kiwisolver-1.4.5-cp311-cp311-win32.whl", hash = "sha256:bb86433b1cfe686da83ce32a9d3a8dd308e85c76b60896d58f082136f10bffac"},
    {file = "kiwisolver-1.4.5-cp311-cp311-win_amd64.whl", hash = "sha256:6c08e1312a9cf1074d17b17728d3dfce2a5125b2d791527f33ffbe805200a355"},
    {file = "kiwisolver-1.4.5-cp312-cp312-macosx_10_9_universal2.whl", hash = "sha256:32d5cf40c4f7c7b3ca500f8985eb3fb3a7dfc023215e876f207956b5ea26632a"},
    {file = "kiwisolver-1.4.5-cp312-cp312-macosx_10_9_x86_64.whl", hash = "sha256:f846c260f483d1fd217fe5ed7c173fb109efa6b1fc8381c8b7552c5781756192"},
    {file = "kiwisolver-1.4.5-cp312-cp312-macosx_11_0_arm64.whl", hash = "sha256:5ff5cf3571589b6d13bfbfd6bcd7a3f659e42f96b5fd1c4830c4cf21d4f5ef45"},
    {file = "kiwisolver-1.4.5-cp312-cp312-manylinux_2_12_i686.manylinux2010_i686.manylinux_2_17_i686.manylinux2014_i686.whl", hash = "sha256:7269d9e5f1084a653d575c7ec012ff57f0c042258bf5db0954bf551c158466e7"},
    {file = "kiwisolver-1.4.5-cp312-cp312-manylinux_2_17_aarch64.manylinux2014_aarch64.whl", hash = "sha256:da802a19d6e15dffe4b0c24b38b3af68e6c1a68e6e1d8f30148c83864f3881db"},
    {file = "kiwisolver-1.4.5-cp312-cp312-manylinux_2_17_ppc64le.manylinux2014_ppc64le.whl", hash = "sha256:3aba7311af82e335dd1e36ffff68aaca609ca6290c2cb6d821a39aa075d8e3ff"},
    {file = "kiwisolver-1.4.5-cp312-cp312-manylinux_2_17_s390x.manylinux2014_s390x.whl", hash = "sha256:763773d53f07244148ccac5b084da5adb90bfaee39c197554f01b286cf869228"},
    {file = "kiwisolver-1.4.5-cp312-cp312-manylinux_2_17_x86_64.manylinux2014_x86_64.whl", hash = "sha256:2270953c0d8cdab5d422bee7d2007f043473f9d2999631c86a223c9db56cbd16"},
    {file = "kiwisolver-1.4.5-cp312-cp312-musllinux_1_1_aarch64.whl", hash = "sha256:d099e745a512f7e3bbe7249ca835f4d357c586d78d79ae8f1dcd4d8adeb9bda9"},
    {file = "kiwisolver-1.4.5-cp312-cp312-musllinux_1_1_i686.whl", hash = "sha256:74db36e14a7d1ce0986fa104f7d5637aea5c82ca6326ed0ec5694280942d1162"},
    {file = "kiwisolver-1.4.5-cp312-cp312-musllinux_1_1_ppc64le.whl", hash = "sha256:7e5bab140c309cb3a6ce373a9e71eb7e4873c70c2dda01df6820474f9889d6d4"},
    {file = "kiwisolver-1.4.5-cp312-cp312-musllinux_1_1_s390x.whl", hash = "sha256:0f114aa76dc1b8f636d077979c0ac22e7cd8f3493abbab152f20eb8d3cda71f3"},
    {file = "kiwisolver-1.4.5-cp312-cp312-musllinux_1_1_x86_64.whl", hash = "sha256:88a2df29d4724b9237fc0c6eaf2a1adae0cdc0b3e9f4d8e7dc54b16812d2d81a"},
    {file = "kiwisolver-1.4.5-cp312-cp312-win32.whl", hash = "sha256:72d40b33e834371fd330fb1472ca19d9b8327acb79a5821d4008391db8e29f20"},
    {file = "kiwisolver-1.4.5-cp312-cp312-win_amd64.whl", hash = "sha256:2c5674c4e74d939b9d91dda0fae10597ac7521768fec9e399c70a1f27e2ea2d9"},
    {file = "kiwisolver-1.4.5-pp37-pypy37_pp73-macosx_10_9_x86_64.whl", hash = "sha256:5c7b3b3a728dc6faf3fc372ef24f21d1e3cee2ac3e9596691d746e5a536de920"},
    {file = "kiwisolver-1.4.5-pp37-pypy37_pp73-manylinux_2_12_i686.manylinux2010_i686.whl", hash = "sha256:620ced262a86244e2be10a676b646f29c34537d0d9cc8eb26c08f53d98013390"},
    {file = "kiwisolver-1.4.5-pp37-pypy37_pp73-manylinux_2_12_x86_64.manylinux2010_x86_64.whl", hash = "sha256:378a214a1e3bbf5ac4a8708304318b4f890da88c9e6a07699c4ae7174c09a68d"},
    {file = "kiwisolver-1.4.5-pp37-pypy37_pp73-manylinux_2_17_aarch64.manylinux2014_aarch64.whl", hash = "sha256:aaf7be1207676ac608a50cd08f102f6742dbfc70e8d60c4db1c6897f62f71523"},
    {file = "kiwisolver-1.4.5-pp37-pypy37_pp73-win_amd64.whl", hash = "sha256:ba55dce0a9b8ff59495ddd050a0225d58bd0983d09f87cfe2b6aec4f2c1234e4"},
    {file = "kiwisolver-1.4.5-pp38-pypy38_pp73-macosx_10_9_x86_64.whl", hash = "sha256:fd32ea360bcbb92d28933fc05ed09bffcb1704ba3fc7942e81db0fd4f81a7892"},
    {file = "kiwisolver-1.4.5-pp38-pypy38_pp73-manylinux_2_12_i686.manylinux2010_i686.whl", hash = "sha256:5e7139af55d1688f8b960ee9ad5adafc4ac17c1c473fe07133ac092310d76544"},
    {file = "kiwisolver-1.4.5-pp38-pypy38_pp73-manylinux_2_12_x86_64.manylinux2010_x86_64.whl", hash = "sha256:dced8146011d2bc2e883f9bd68618b8247387f4bbec46d7392b3c3b032640126"},
    {file = "kiwisolver-1.4.5-pp38-pypy38_pp73-manylinux_2_17_aarch64.manylinux2014_aarch64.whl", hash = "sha256:c9bf3325c47b11b2e51bca0824ea217c7cd84491d8ac4eefd1e409705ef092bd"},
    {file = "kiwisolver-1.4.5-pp38-pypy38_pp73-win_amd64.whl", hash = "sha256:5794cf59533bc3f1b1c821f7206a3617999db9fbefc345360aafe2e067514929"},
    {file = "kiwisolver-1.4.5-pp39-pypy39_pp73-macosx_10_9_x86_64.whl", hash = "sha256:e368f200bbc2e4f905b8e71eb38b3c04333bddaa6a2464a6355487b02bb7fb09"},
    {file = "kiwisolver-1.4.5-pp39-pypy39_pp73-manylinux_2_12_i686.manylinux2010_i686.manylinux_2_17_i686.manylinux2014_i686.whl", hash = "sha256:e5d706eba36b4c4d5bc6c6377bb6568098765e990cfc21ee16d13963fab7b3e7"},
    {file = "kiwisolver-1.4.5-pp39-pypy39_pp73-manylinux_2_17_aarch64.manylinux2014_aarch64.whl", hash = "sha256:85267bd1aa8880a9c88a8cb71e18d3d64d2751a790e6ca6c27b8ccc724bcd5ad"},
    {file = "kiwisolver-1.4.5-pp39-pypy39_pp73-manylinux_2_17_x86_64.manylinux2014_x86_64.whl", hash = "sha256:210ef2c3a1f03272649aff1ef992df2e724748918c4bc2d5a90352849eb40bea"},
    {file = "kiwisolver-1.4.5-pp39-pypy39_pp73-win_amd64.whl", hash = "sha256:11d011a7574eb3b82bcc9c1a1d35c1d7075677fdd15de527d91b46bd35e935ee"},
    {file = "kiwisolver-1.4.5.tar.gz", hash = "sha256:e57e563a57fb22a142da34f38acc2fc1a5c864bc29ca1517a88abc963e60d6ec"},
]

[[package]]
name = "matplotlib"
version = "3.8.0"
requires_python = ">=3.9"
summary = "Python plotting package"
dependencies = [
    "contourpy>=1.0.1",
    "cycler>=0.10",
    "fonttools>=4.22.0",
    "kiwisolver>=1.0.1",
    "numpy<2,>=1.21",
    "packaging>=20.0",
    "pillow>=6.2.0",
    "pyparsing>=2.3.1",
    "python-dateutil>=2.7",
]
files = [
    {file = "matplotlib-3.8.0-cp311-cp311-macosx_10_12_x86_64.whl", hash = "sha256:5dc945a9cb2deb7d197ba23eb4c210e591d52d77bf0ba27c35fc82dec9fa78d4"},
    {file = "matplotlib-3.8.0-cp311-cp311-macosx_11_0_arm64.whl", hash = "sha256:f8b5a1bf27d078453aa7b5b27f52580e16360d02df6d3dc9504f3d2ce11f6309"},
    {file = "matplotlib-3.8.0-cp311-cp311-manylinux_2_17_aarch64.manylinux2014_aarch64.whl", hash = "sha256:6f25ffb6ad972cdffa7df8e5be4b1e3cadd2f8d43fc72085feb1518006178394"},
    {file = "matplotlib-3.8.0-cp311-cp311-manylinux_2_17_x86_64.manylinux2014_x86_64.whl", hash = "sha256:eee482731c8c17d86d9ddb5194d38621f9b0f0d53c99006275a12523ab021732"},
    {file = "matplotlib-3.8.0-cp311-cp311-musllinux_1_1_x86_64.whl", hash = "sha256:36eafe2128772195b373e1242df28d1b7ec6c04c15b090b8d9e335d55a323900"},
    {file = "matplotlib-3.8.0-cp311-cp311-win_amd64.whl", hash = "sha256:061ee58facb3580cd2d046a6d227fb77e9295599c5ec6ad069f06b5821ad1cfc"},
    {file = "matplotlib-3.8.0-cp312-cp312-macosx_10_12_x86_64.whl", hash = "sha256:3cc3776836d0f4f22654a7f2d2ec2004618d5cf86b7185318381f73b80fd8a2d"},
    {file = "matplotlib-3.8.0-cp312-cp312-macosx_11_0_arm64.whl", hash = "sha256:6c49a2bd6981264bddcb8c317b6bd25febcece9e2ebfcbc34e7f4c0c867c09dc"},
    {file = "matplotlib-3.8.0-cp312-cp312-manylinux_2_17_aarch64.manylinux2014_aarch64.whl", hash = "sha256:23ed11654fc83cd6cfdf6170b453e437674a050a452133a064d47f2f1371f8d3"},
    {file = "matplotlib-3.8.0-cp312-cp312-manylinux_2_17_x86_64.manylinux2014_x86_64.whl", hash = "sha256:dae97fdd6996b3a25da8ee43e3fc734fff502f396801063c6b76c20b56683196"},
    {file = "matplotlib-3.8.0-cp312-cp312-musllinux_1_1_x86_64.whl", hash = "sha256:87df75f528020a6299f76a1d986c0ed4406e3b2bd44bc5e306e46bca7d45e53e"},
    {file = "matplotlib-3.8.0-cp312-cp312-win_amd64.whl", hash = "sha256:90d74a95fe055f73a6cd737beecc1b81c26f2893b7a3751d52b53ff06ca53f36"},
    {file = "matplotlib-3.8.0-pp39-pypy39_pp73-macosx_10_12_x86_64.whl", hash = "sha256:0b11f354aae62a2aa53ec5bb09946f5f06fc41793e351a04ff60223ea9162955"},
    {file = "matplotlib-3.8.0-pp39-pypy39_pp73-manylinux_2_17_x86_64.manylinux2014_x86_64.whl", hash = "sha256:7f54b9fb87ca5acbcdd0f286021bedc162e1425fa5555ebf3b3dfc167b955ad9"},
    {file = "matplotlib-3.8.0-pp39-pypy39_pp73-win_amd64.whl", hash = "sha256:60a6e04dfd77c0d3bcfee61c3cd335fff1b917c2f303b32524cd1235e194ef99"},
    {file = "matplotlib-3.8.0.tar.gz", hash = "sha256:df8505e1c19d5c2c26aff3497a7cbd3ccfc2e97043d1e4db3e76afa399164b69"},
]

[[package]]
name = "mypy"
version = "1.6.1"
requires_python = ">=3.8"
summary = "Optional static typing for Python"
dependencies = [
    "mypy-extensions>=1.0.0",
    "typing-extensions>=4.1.0",
]
files = [
    {file = "mypy-1.6.1-cp311-cp311-macosx_10_9_x86_64.whl", hash = "sha256:81af8adaa5e3099469e7623436881eff6b3b06db5ef75e6f5b6d4871263547e5"},
    {file = "mypy-1.6.1-cp311-cp311-macosx_11_0_arm64.whl", hash = "sha256:8c223fa57cb154c7eab5156856c231c3f5eace1e0bed9b32a24696b7ba3c3245"},
    {file = "mypy-1.6.1-cp311-cp311-manylinux_2_17_x86_64.manylinux2014_x86_64.whl", hash = "sha256:a8032e00ce71c3ceb93eeba63963b864bf635a18f6c0c12da6c13c450eedb183"},
    {file = "mypy-1.6.1-cp311-cp311-musllinux_1_1_x86_64.whl", hash = "sha256:4c46b51de523817a0045b150ed11b56f9fff55f12b9edd0f3ed35b15a2809de0"},
    {file = "mypy-1.6.1-cp311-cp311-win_amd64.whl", hash = "sha256:19f905bcfd9e167159b3d63ecd8cb5e696151c3e59a1742e79bc3bcb540c42c7"},
    {file = "mypy-1.6.1-cp312-cp312-macosx_10_9_x86_64.whl", hash = "sha256:82e469518d3e9a321912955cc702d418773a2fd1e91c651280a1bda10622f02f"},
    {file = "mypy-1.6.1-cp312-cp312-macosx_11_0_arm64.whl", hash = "sha256:d4473c22cc296425bbbce7e9429588e76e05bc7342da359d6520b6427bf76660"},
    {file = "mypy-1.6.1-cp312-cp312-manylinux_2_17_x86_64.manylinux2014_x86_64.whl", hash = "sha256:59a0d7d24dfb26729e0a068639a6ce3500e31d6655df8557156c51c1cb874ce7"},
    {file = "mypy-1.6.1-cp312-cp312-musllinux_1_1_x86_64.whl", hash = "sha256:cfd13d47b29ed3bbaafaff7d8b21e90d827631afda134836962011acb5904b71"},
    {file = "mypy-1.6.1-cp312-cp312-win_amd64.whl", hash = "sha256:eb4f18589d196a4cbe5290b435d135dee96567e07c2b2d43b5c4621b6501531a"},
    {file = "mypy-1.6.1-py3-none-any.whl", hash = "sha256:4cbe68ef919c28ea561165206a2dcb68591c50f3bcf777932323bc208d949cf1"},
    {file = "mypy-1.6.1.tar.gz", hash = "sha256:4d01c00d09a0be62a4ca3f933e315455bde83f37f892ba4b08ce92f3cf44bcc1"},
]

[[package]]
name = "mypy-extensions"
version = "1.0.0"
requires_python = ">=3.5"
summary = "Type system extensions for programs checked with the mypy type checker."
files = [
    {file = "mypy_extensions-1.0.0-py3-none-any.whl", hash = "sha256:4392f6c0eb8a5668a69e23d168ffa70f0be9ccfd32b5cc2d26a34ae5b844552d"},
    {file = "mypy_extensions-1.0.0.tar.gz", hash = "sha256:75dbf8955dc00442a438fc4d0666508a9a97b6bd41aa2f0ffe9d2f2725af0782"},
]

[[package]]
name = "nodeenv"
version = "1.8.0"
requires_python = ">=2.7,!=3.0.*,!=3.1.*,!=3.2.*,!=3.3.*,!=3.4.*,!=3.5.*,!=3.6.*"
summary = "Node.js virtual environment builder"
dependencies = [
    "setuptools",
]
files = [
    {file = "nodeenv-1.8.0-py2.py3-none-any.whl", hash = "sha256:df865724bb3c3adc86b3876fa209771517b0cfe596beff01a92700e0e8be4cec"},
    {file = "nodeenv-1.8.0.tar.gz", hash = "sha256:d51e0c37e64fbf47d017feac3145cdbb58836d7eee8c6f6d3b6880c5456227d2"},
]

[[package]]
name = "numpy"
version = "1.25.2"
requires_python = ">=3.9"
summary = "Fundamental package for array computing in Python"
files = [
    {file = "numpy-1.25.2-cp311-cp311-macosx_10_9_x86_64.whl", hash = "sha256:c5462d19336db4560041517dbb7759c21d181a67cb01b36ca109b2ae37d32418"},
    {file = "numpy-1.25.2-cp311-cp311-macosx_11_0_arm64.whl", hash = "sha256:c5652ea24d33585ea39eb6a6a15dac87a1206a692719ff45d53c5282e66d4a8f"},
    {file = "numpy-1.25.2-cp311-cp311-manylinux_2_17_aarch64.manylinux2014_aarch64.whl", hash = "sha256:0d60fbae8e0019865fc4784745814cff1c421df5afee233db6d88ab4f14655a2"},
    {file = "numpy-1.25.2-cp311-cp311-manylinux_2_17_x86_64.manylinux2014_x86_64.whl", hash = "sha256:60e7f0f7f6d0eee8364b9a6304c2845b9c491ac706048c7e8cf47b83123b8dbf"},
    {file = "numpy-1.25.2-cp311-cp311-musllinux_1_1_x86_64.whl", hash = "sha256:bb33d5a1cf360304754913a350edda36d5b8c5331a8237268c48f91253c3a364"},
    {file = "numpy-1.25.2-cp311-cp311-win32.whl", hash = "sha256:5883c06bb92f2e6c8181df7b39971a5fb436288db58b5a1c3967702d4278691d"},
    {file = "numpy-1.25.2-cp311-cp311-win_amd64.whl", hash = "sha256:5c97325a0ba6f9d041feb9390924614b60b99209a71a69c876f71052521d42a4"},
    {file = "numpy-1.25.2-pp39-pypy39_pp73-macosx_10_9_x86_64.whl", hash = "sha256:1a1329e26f46230bf77b02cc19e900db9b52f398d6722ca853349a782d4cff55"},
    {file = "numpy-1.25.2-pp39-pypy39_pp73-manylinux_2_17_x86_64.manylinux2014_x86_64.whl", hash = "sha256:4c3abc71e8b6edba80a01a52e66d83c5d14433cbcd26a40c329ec7ed09f37901"},
    {file = "numpy-1.25.2-pp39-pypy39_pp73-win_amd64.whl", hash = "sha256:1b9735c27cea5d995496f46a8b1cd7b408b3f34b6d50459d9ac8fe3a20cc17bf"},
    {file = "numpy-1.25.2.tar.gz", hash = "sha256:fd608e19c8d7c55021dffd43bfe5492fab8cc105cc8986f813f8c3c048b38760"},
]

[[package]]
name = "packaging"
version = "23.2"
requires_python = ">=3.7"
summary = "Core utilities for Python packages"
files = [
    {file = "packaging-23.2-py3-none-any.whl", hash = "sha256:8c491190033a9af7e1d931d0b5dacc2ef47509b34dd0de67ed209b5203fc88c7"},
    {file = "packaging-23.2.tar.gz", hash = "sha256:048fb0e9405036518eaaf48a55953c750c11e1a1b68e0dd1a9d62ed0c092cfc5"},
]

[[package]]
name = "pathspec"
version = "0.11.2"
requires_python = ">=3.7"
summary = "Utility library for gitignore style pattern matching of file paths."
files = [
    {file = "pathspec-0.11.2-py3-none-any.whl", hash = "sha256:1d6ed233af05e679efb96b1851550ea95bbb64b7c490b0f5aa52996c11e92a20"},
    {file = "pathspec-0.11.2.tar.gz", hash = "sha256:e0d8d0ac2f12da61956eb2306b69f9469b42f4deb0f3cb6ed47b9cce9996ced3"},
]

[[package]]
name = "pillow"
version = "10.1.0"
requires_python = ">=3.8"
summary = "Python Imaging Library (Fork)"
files = [
    {file = "Pillow-10.1.0-cp311-cp311-macosx_10_10_x86_64.whl", hash = "sha256:1fb29c07478e6c06a46b867e43b0bcdb241b44cc52be9bc25ce5944eed4648e7"},
    {file = "Pillow-10.1.0-cp311-cp311-macosx_11_0_arm64.whl", hash = "sha256:2cdc65a46e74514ce742c2013cd4a2d12e8553e3a2563c64879f7c7e4d28bce7"},
    {file = "Pillow-10.1.0-cp311-cp311-manylinux_2_17_aarch64.manylinux2014_aarch64.whl", hash = "sha256:50d08cd0a2ecd2a8657bd3d82c71efd5a58edb04d9308185d66c3a5a5bed9610"},
    {file = "Pillow-10.1.0-cp311-cp311-manylinux_2_17_x86_64.manylinux2014_x86_64.whl", hash = "sha256:062a1610e3bc258bff2328ec43f34244fcec972ee0717200cb1425214fe5b839"},
    {file = "Pillow-10.1.0-cp311-cp311-manylinux_2_28_aarch64.whl", hash = "sha256:61f1a9d247317fa08a308daaa8ee7b3f760ab1809ca2da14ecc88ae4257d6172"},
    {file = "Pillow-10.1.0-cp311-cp311-manylinux_2_28_x86_64.whl", hash = "sha256:a646e48de237d860c36e0db37ecaecaa3619e6f3e9d5319e527ccbc8151df061"},
    {file = "Pillow-10.1.0-cp311-cp311-musllinux_1_1_aarch64.whl", hash = "sha256:47e5bf85b80abc03be7455c95b6d6e4896a62f6541c1f2ce77a7d2bb832af262"},
    {file = "Pillow-10.1.0-cp311-cp311-musllinux_1_1_x86_64.whl", hash = "sha256:a92386125e9ee90381c3369f57a2a50fa9e6aa8b1cf1d9c4b200d41a7dd8e992"},
    {file = "Pillow-10.1.0-cp311-cp311-win_amd64.whl", hash = "sha256:0f7c276c05a9767e877a0b4c5050c8bee6a6d960d7f0c11ebda6b99746068c2a"},
    {file = "Pillow-10.1.0-cp312-cp312-macosx_10_10_x86_64.whl", hash = "sha256:a89b8312d51715b510a4fe9fc13686283f376cfd5abca8cd1c65e4c76e21081b"},
    {file = "Pillow-10.1.0-cp312-cp312-macosx_11_0_arm64.whl", hash = "sha256:00f438bb841382b15d7deb9a05cc946ee0f2c352653c7aa659e75e592f6fa17d"},
    {file = "Pillow-10.1.0-cp312-cp312-manylinux_2_17_aarch64.manylinux2014_aarch64.whl", hash = "sha256:3d929a19f5469b3f4df33a3df2983db070ebb2088a1e145e18facbc28cae5b27"},
    {file = "Pillow-10.1.0-cp312-cp312-manylinux_2_17_x86_64.manylinux2014_x86_64.whl", hash = "sha256:9a92109192b360634a4489c0c756364c0c3a2992906752165ecb50544c251312"},
    {file = "Pillow-10.1.0-cp312-cp312-manylinux_2_28_aarch64.whl", hash = "sha256:0248f86b3ea061e67817c47ecbe82c23f9dd5d5226200eb9090b3873d3ca32de"},
    {file = "Pillow-10.1.0-cp312-cp312-manylinux_2_28_x86_64.whl", hash = "sha256:9882a7451c680c12f232a422730f986a1fcd808da0fd428f08b671237237d651"},
    {file = "Pillow-10.1.0-cp312-cp312-musllinux_1_1_aarch64.whl", hash = "sha256:1c3ac5423c8c1da5928aa12c6e258921956757d976405e9467c5f39d1d577a4b"},
    {file = "Pillow-10.1.0-cp312-cp312-musllinux_1_1_x86_64.whl", hash = "sha256:806abdd8249ba3953c33742506fe414880bad78ac25cc9a9b1c6ae97bedd573f"},
    {file = "Pillow-10.1.0-cp312-cp312-win_amd64.whl", hash = "sha256:eaed6977fa73408b7b8a24e8b14e59e1668cfc0f4c40193ea7ced8e210adf996"},
    {file = "Pillow-10.1.0-pp310-pypy310_pp73-macosx_10_10_x86_64.whl", hash = "sha256:937bdc5a7f5343d1c97dc98149a0be7eb9704e937fe3dc7140e229ae4fc572a7"},
    {file = "Pillow-10.1.0-pp310-pypy310_pp73-manylinux_2_17_x86_64.manylinux2014_x86_64.whl", hash = "sha256:b1c25762197144e211efb5f4e8ad656f36c8d214d390585d1d21281f46d556ba"},
    {file = "Pillow-10.1.0-pp310-pypy310_pp73-manylinux_2_28_x86_64.whl", hash = "sha256:afc8eef765d948543a4775f00b7b8c079b3321d6b675dde0d02afa2ee23000b4"},
    {file = "Pillow-10.1.0-pp310-pypy310_pp73-win_amd64.whl", hash = "sha256:883f216eac8712b83a63f41b76ddfb7b2afab1b74abbb413c5df6680f071a6b9"},
    {file = "Pillow-10.1.0-pp39-pypy39_pp73-macosx_10_10_x86_64.whl", hash = "sha256:b920e4d028f6442bea9a75b7491c063f0b9a3972520731ed26c83e254302eb1e"},
    {file = "Pillow-10.1.0-pp39-pypy39_pp73-manylinux_2_17_x86_64.manylinux2014_x86_64.whl", hash = "sha256:1c41d960babf951e01a49c9746f92c5a7e0d939d1652d7ba30f6b3090f27e412"},
    {file = "Pillow-10.1.0-pp39-pypy39_pp73-manylinux_2_28_x86_64.whl", hash = "sha256:1fafabe50a6977ac70dfe829b2d5735fd54e190ab55259ec8aea4aaea412fa0b"},
    {file = "Pillow-10.1.0-pp39-pypy39_pp73-win_amd64.whl", hash = "sha256:3b834f4b16173e5b92ab6566f0473bfb09f939ba14b23b8da1f54fa63e4b623f"},
    {file = "Pillow-10.1.0.tar.gz", hash = "sha256:e6bf8de6c36ed96c86ea3b6e1d5273c53f46ef518a062464cd7ef5dd2cf92e38"},
]

[[package]]
name = "platformdirs"
version = "3.11.0"
requires_python = ">=3.7"
summary = "A small Python package for determining appropriate platform-specific dirs, e.g. a \"user data dir\"."
files = [
    {file = "platformdirs-3.11.0-py3-none-any.whl", hash = "sha256:e9d171d00af68be50e9202731309c4e658fd8bc76f55c11c7dd760d023bda68e"},
    {file = "platformdirs-3.11.0.tar.gz", hash = "sha256:cf8ee52a3afdb965072dcc652433e0c7e3e40cf5ea1477cd4b3b1d2eb75495b3"},
]

[[package]]
name = "pyparsing"
version = "3.1.1"
requires_python = ">=3.6.8"
summary = "pyparsing module - Classes and methods to define and execute parsing grammars"
files = [
    {file = "pyparsing-3.1.1-py3-none-any.whl", hash = "sha256:32c7c0b711493c72ff18a981d24f28aaf9c1fb7ed5e9667c9e84e3db623bdbfb"},
    {file = "pyparsing-3.1.1.tar.gz", hash = "sha256:ede28a1a32462f5a9705e07aea48001a08f7cf81a021585011deba701581a0db"},
]

[[package]]
name = "pyright"
version = "1.1.332"
requires_python = ">=3.7"
summary = "Command line wrapper for pyright"
dependencies = [
    "nodeenv>=1.6.0",
]
files = [
    {file = "pyright-1.1.332-py3-none-any.whl", hash = "sha256:4802bdc603f165ccfb84338ef850e90181abbb621028b09b81ec8aa5e97dfae2"},
    {file = "pyright-1.1.332.tar.gz", hash = "sha256:a47f760c2f00aa9f593f78a7b22f98b22a9b9e1952d6a31dbed91842ca47b0b3"},
]

[[package]]
name = "python-dateutil"
version = "2.8.2"
requires_python = "!=3.0.*,!=3.1.*,!=3.2.*,>=2.7"
summary = "Extensions to the standard Python datetime module"
dependencies = [
    "six>=1.5",
]
files = [
    {file = "python-dateutil-2.8.2.tar.gz", hash = "sha256:0123cacc1627ae19ddf3c27a5de5bd67ee4586fbdd6440d9748f8abb483d3e86"},
    {file = "python_dateutil-2.8.2-py2.py3-none-any.whl", hash = "sha256:961d03dc3453ebbc59dbdea9e4e11c5651520a876d0f4db161e8674aae935da9"},
]

[[package]]
name = "ruff"
version = "0.1.1"
requires_python = ">=3.7"
summary = "An extremely fast Python linter, written in Rust."
files = [
    {file = "ruff-0.1.1-py3-none-macosx_10_7_x86_64.whl", hash = "sha256:b7cdc893aef23ccc14c54bd79a8109a82a2c527e11d030b62201d86f6c2b81c5"},
    {file = "ruff-0.1.1-py3-none-macosx_10_9_x86_64.macosx_11_0_arm64.macosx_10_9_universal2.whl", hash = "sha256:620d4b34302538dbd8bbbe8fdb8e8f98d72d29bd47e972e2b59ce6c1e8862257"},
    {file = "ruff-0.1.1-py3-none-manylinux_2_17_aarch64.manylinux2014_aarch64.whl", hash = "sha256:2a909d3930afdbc2e9fd893b0034479e90e7981791879aab50ce3d9f55205bd6"},
    {file = "ruff-0.1.1-py3-none-manylinux_2_17_armv7l.manylinux2014_armv7l.whl", hash = "sha256:3305d1cb4eb8ff6d3e63a48d1659d20aab43b49fe987b3ca4900528342367145"},
    {file = "ruff-0.1.1-py3-none-manylinux_2_17_i686.manylinux2014_i686.whl", hash = "sha256:c34ae501d0ec71acf19ee5d4d889e379863dcc4b796bf8ce2934a9357dc31db7"},
    {file = "ruff-0.1.1-py3-none-manylinux_2_17_ppc64.manylinux2014_ppc64.whl", hash = "sha256:6aa7e63c3852cf8fe62698aef31e563e97143a4b801b57f920012d0e07049a8d"},
    {file = "ruff-0.1.1-py3-none-manylinux_2_17_ppc64le.manylinux2014_ppc64le.whl", hash = "sha256:2d68367d1379a6b47e61bc9de144a47bcdb1aad7903bbf256e4c3d31f11a87ae"},
    {file = "ruff-0.1.1-py3-none-manylinux_2_17_s390x.manylinux2014_s390x.whl", hash = "sha256:bc11955f6ce3398d2afe81ad7e49d0ebf0a581d8bcb27b8c300281737735e3a3"},
    {file = "ruff-0.1.1-py3-none-manylinux_2_17_x86_64.manylinux2014_x86_64.whl", hash = "sha256:cbbd8eead88ea83a250499074e2a8e9d80975f0b324b1e2e679e4594da318c25"},
    {file = "ruff-0.1.1-py3-none-musllinux_1_2_aarch64.whl", hash = "sha256:f4780e2bb52f3863a565ec3f699319d3493b83ff95ebbb4993e59c62aaf6e75e"},
    {file = "ruff-0.1.1-py3-none-musllinux_1_2_armv7l.whl", hash = "sha256:8f5b24daddf35b6c207619301170cae5d2699955829cda77b6ce1e5fc69340df"},
    {file = "ruff-0.1.1-py3-none-musllinux_1_2_i686.whl", hash = "sha256:d3f9ac658ba29e07b95c80fa742b059a55aefffa8b1e078bc3c08768bdd4b11a"},
    {file = "ruff-0.1.1-py3-none-musllinux_1_2_x86_64.whl", hash = "sha256:3521bf910104bf781e6753282282acc145cbe3eff79a1ce6b920404cd756075a"},
    {file = "ruff-0.1.1-py3-none-win32.whl", hash = "sha256:ba3208543ab91d3e4032db2652dcb6c22a25787b85b8dc3aeff084afdc612e5c"},
    {file = "ruff-0.1.1-py3-none-win_amd64.whl", hash = "sha256:3ff3006c97d9dc396b87fb46bb65818e614ad0181f059322df82bbfe6944e264"},
    {file = "ruff-0.1.1-py3-none-win_arm64.whl", hash = "sha256:e140bd717c49164c8feb4f65c644046fe929c46f42493672853e3213d7bdbce2"},
    {file = "ruff-0.1.1.tar.gz", hash = "sha256:c90461ae4abec261609e5ea436de4a4b5f2822921cf04c16d2cc9327182dbbcc"},
]

[[package]]
name = "setuptools"
version = "68.2.2"
requires_python = ">=3.8"
summary = "Easily download, build, install, upgrade, and uninstall Python packages"
files = [
    {file = "setuptools-68.2.2-py3-none-any.whl", hash = "sha256:b454a35605876da60632df1a60f736524eb73cc47bbc9f3f1ef1b644de74fd2a"},
    {file = "setuptools-68.2.2.tar.gz", hash = "sha256:4ac1475276d2f1c48684874089fefcd83bd7162ddaafb81fac866ba0db282a87"},
]

[[package]]
name = "six"
version = "1.16.0"
requires_python = ">=2.7, !=3.0.*, !=3.1.*, !=3.2.*"
summary = "Python 2 and 3 compatibility utilities"
files = [
    {file = "six-1.16.0-py2.py3-none-any.whl", hash = "sha256:8abb2f1d86890a2dfb989f9a77cfcfd3e47c2a354b01111771326f8aa26e0254"},
    {file = "six-1.16.0.tar.gz", hash = "sha256:1e61c37477a1626458e36f7b1d82aa5c9b094fa4802892072e49de9c60c4c926"},
]

[[package]]
name = "typing-extensions"
version = "4.8.0"
requires_python = ">=3.8"
summary = "Backported and Experimental Type Hints for Python 3.8+"
files = [
    {file = "typing_extensions-4.8.0-py3-none-any.whl", hash = "sha256:8f92fc8806f9a6b641eaa5318da32b44d401efaac0f6678c9bc448ba3605faa0"},
    {file = "typing_extensions-4.8.0.tar.gz", hash = "sha256:df8e4339e9cb77357558cbdbceca33c303714cf861d1eef15e1070055ae8b7ef"},
]
